// !$*UTF8*$!
{
	archiveVersion = 1;
	classes = {
	};
	objectVersion = 56;
	objects = {

/* Begin PBXBuildFile section */
		CF5E677B29815B0500CB513F /* AppDelegate.swift in Sources */ = {isa = PBXBuildFile; fileRef = CF5E677A29815B0500CB513F /* AppDelegate.swift */; };
		CF5E677D29815B0500CB513F /* SceneDelegate.swift in Sources */ = {isa = PBXBuildFile; fileRef = CF5E677C29815B0500CB513F /* SceneDelegate.swift */; };
		CF5E677F29815B0500CB513F /* ViewController.swift in Sources */ = {isa = PBXBuildFile; fileRef = CF5E677E29815B0500CB513F /* ViewController.swift */; };
		CF5E678229815B0500CB513F /* Main.storyboard in Resources */ = {isa = PBXBuildFile; fileRef = CF5E678029815B0500CB513F /* Main.storyboard */; };
		CF5E678429815B0900CB513F /* Assets.xcassets in Resources */ = {isa = PBXBuildFile; fileRef = CF5E678329815B0900CB513F /* Assets.xcassets */; };
		CF5E678729815B0900CB513F /* LaunchScreen.storyboard in Resources */ = {isa = PBXBuildFile; fileRef = CF5E678529815B0900CB513F /* LaunchScreen.storyboard */; };
		CF5E678F29815C5000CB513F /* numTableViewCell.swift in Sources */ = {isa = PBXBuildFile; fileRef = CF5E678E29815C5000CB513F /* numTableViewCell.swift */; };
/* End PBXBuildFile section */

/* Begin PBXFileReference section */
		CF5E677729815B0500CB513F /* (6) increse hight cell.app */ = {isa = PBXFileReference; explicitFileType = wrapper.application; includeInIndex = 0; path = "(6) increse hight cell.app"; sourceTree = BUILT_PRODUCTS_DIR; };
		CF5E677A29815B0500CB513F /* AppDelegate.swift */ = {isa = PBXFileReference; lastKnownFileType = sourcecode.swift; path = AppDelegate.swift; sourceTree = "<group>"; };
		CF5E677C29815B0500CB513F /* SceneDelegate.swift */ = {isa = PBXFileReference; lastKnownFileType = sourcecode.swift; path = SceneDelegate.swift; sourceTree = "<group>"; };
		CF5E677E29815B0500CB513F /* ViewController.swift */ = {isa = PBXFileReference; lastKnownFileType = sourcecode.swift; path = ViewController.swift; sourceTree = "<group>"; };
		CF5E678129815B0500CB513F /* Base */ = {isa = PBXFileReference; lastKnownFileType = file.storyboard; name = Base; path = Base.lproj/Main.storyboard; sourceTree = "<group>"; };
		CF5E678329815B0900CB513F /* Assets.xcassets */ = {isa = PBXFileReference; lastKnownFileType = folder.assetcatalog; path = Assets.xcassets; sourceTree = "<group>"; };
		CF5E678629815B0900CB513F /* Base */ = {isa = PBXFileReference; lastKnownFileType = file.storyboard; name = Base; path = Base.lproj/LaunchScreen.storyboard; sourceTree = "<group>"; };
		CF5E678829815B0900CB513F /* Info.plist */ = {isa = PBXFileReference; lastKnownFileType = text.plist.xml; path = Info.plist; sourceTree = "<group>"; };
		CF5E678E29815C5000CB513F /* numTableViewCell.swift */ = {isa = PBXFileReference; lastKnownFileType = sourcecode.swift; path = numTableViewCell.swift; sourceTree = "<group>"; };
/* End PBXFileReference section */

/* Begin PBXFrameworksBuildPhase section */
		CF5E677429815B0500CB513F /* Frameworks */ = {
			isa = PBXFrameworksBuildPhase;
			buildActionMask = 2147483647;
			files = (
			);
			runOnlyForDeploymentPostprocessing = 0;
		};
/* End PBXFrameworksBuildPhase section */

/* Begin PBXGroup section */
		CF5E676E29815B0500CB513F = {
			isa = PBXGroup;
			children = (
				CF5E677929815B0500CB513F /* (6) increse hight cell */,
				CF5E677829815B0500CB513F /* Products */,
			);
			sourceTree = "<group>";
		};
		CF5E677829815B0500CB513F /* Products */ = {
			isa = PBXGroup;
			children = (
				CF5E677729815B0500CB513F /* (6) increse hight cell.app */,
			);
			name = Products;
			sourceTree = "<group>";
		};
		CF5E677929815B0500CB513F /* (6) increse hight cell */ = {
			isa = PBXGroup;
			children = (
				CF5E677A29815B0500CB513F /* AppDelegate.swift */,
				CF5E677C29815B0500CB513F /* SceneDelegate.swift */,
				CF5E678E29815C5000CB513F /* numTableViewCell.swift */,
				CF5E677E29815B0500CB513F /* ViewController.swift */,
				CF5E678029815B0500CB513F /* Main.storyboard */,
				CF5E678329815B0900CB513F /* Assets.xcassets */,
				CF5E678529815B0900CB513F /* LaunchScreen.storyboard */,
				CF5E678829815B0900CB513F /* Info.plist */,
			);
			path = "(6) increse hight cell";
			sourceTree = "<group>";
		};
/* End PBXGroup section */

/* Begin PBXNativeTarget section */
		CF5E677629815B0500CB513F /* (6) increse hight cell */ = {
			isa = PBXNativeTarget;
			buildConfigurationList = CF5E678B29815B0900CB513F /* Build configuration list for PBXNativeTarget "(6) increse hight cell" */;
			buildPhases = (
				CF5E677329815B0500CB513F /* Sources */,
				CF5E677429815B0500CB513F /* Frameworks */,
				CF5E677529815B0500CB513F /* Resources */,
			);
			buildRules = (
			);
			dependencies = (
			);
			name = "(6) increse hight cell";
			productName = "(6) increse hight cell";
			productReference = CF5E677729815B0500CB513F /* (6) increse hight cell.app */;
			productType = "com.apple.product-type.application";
		};
/* End PBXNativeTarget section */

/* Begin PBXProject section */
		CF5E676F29815B0500CB513F /* Project object */ = {
			isa = PBXProject;
			attributes = {
				BuildIndependentTargetsInParallel = 1;
				LastSwiftUpdateCheck = 1410;
				LastUpgradeCheck = 1410;
				TargetAttributes = {
					CF5E677629815B0500CB513F = {
						CreatedOnToolsVersion = 14.1;
					};
				};
			};
			buildConfigurationList = CF5E677229815B0500CB513F /* Build configuration list for PBXProject "(6) increse hight cell" */;
			compatibilityVersion = "Xcode 14.0";
			developmentRegion = en;
			hasScannedForEncodings = 0;
			knownRegions = (
				en,
				Base,
			);
			mainGroup = CF5E676E29815B0500CB513F;
			productRefGroup = CF5E677829815B0500CB513F /* Products */;
			projectDirPath = "";
			projectRoot = "";
			targets = (
				CF5E677629815B0500CB513F /* (6) increse hight cell */,
			);
		};
/* End PBXProject section */

/* Begin PBXResourcesBuildPhase section */
		CF5E677529815B0500CB513F /* Resources */ = {
			isa = PBXResourcesBuildPhase;
			buildActionMask = 2147483647;
			files = (
				CF5E678729815B0900CB513F /* LaunchScreen.storyboard in Resources */,
				CF5E678429815B0900CB513F /* Assets.xcassets in Resources */,
				CF5E678229815B0500CB513F /* Main.storyboard in Resources */,
			);
			runOnlyForDeploymentPostprocessing = 0;
		};
/* End PBXResourcesBuildPhase section */

/* Begin PBXSourcesBuildPhase section */
		CF5E677329815B0500CB513F /* Sources */ = {
			isa = PBXSourcesBuildPhase;
			buildActionMask = 2147483647;
			files = (
				CF5E678F29815C5000CB513F /* numTableViewCell.swift in Sources */,
				CF5E677F29815B0500CB513F /* ViewController.swift in Sources */,
				CF5E677B29815B0500CB513F /* AppDelegate.swift in Sources */,
				CF5E677D29815B0500CB513F /* SceneDelegate.swift in Sources */,
			);
			runOnlyForDeploymentPostprocessing = 0;
		};
/* End PBXSourcesBuildPhase section */

/* Begin PBXVariantGroup section */
		CF5E678029815B0500CB513F /* Main.storyboard */ = {
			isa = PBXVariantGroup;
			children = (
				CF5E678129815B0500CB513F /* Base */,
			);
			name = Main.storyboard;
			sourceTree = "<group>";
		};
		CF5E678529815B0900CB513F /* LaunchScreen.storyboard */ = {
			isa = PBXVariantGroup;
			children = (
				CF5E678629815B0900CB513F /* Base */,
			);
			name = LaunchScreen.storyboard;
			sourceTree = "<group>";
		};
/* End PBXVariantGroup section */

/* Begin XCBuildConfiguration section */
		CF5E678929815B0900CB513F /* Debug */ = {
			isa = XCBuildConfiguration;
			buildSettings = {
				ALWAYS_SEARCH_USER_PATHS = NO;
				CLANG_ANALYZER_NONNULL = YES;
				CLANG_ANALYZER_NUMBER_OBJECT_CONVERSION = YES_AGGRESSIVE;
				CLANG_CXX_LANGUAGE_STANDARD = "gnu++20";
				CLANG_ENABLE_MODULES = YES;
				CLANG_ENABLE_OBJC_ARC = YES;
				CLANG_ENABLE_OBJC_WEAK = YES;
				CLANG_WARN_BLOCK_CAPTURE_AUTORELEASING = YES;
				CLANG_WARN_BOOL_CONVERSION = YES;
				CLANG_WARN_COMMA = YES;
				CLANG_WARN_CONSTANT_CONVERSION = YES;
				CLANG_WARN_DEPRECATED_OBJC_IMPLEMENTATIONS = YES;
				CLANG_WARN_DIRECT_OBJC_ISA_USAGE = YES_ERROR;
				CLANG_WARN_DOCUMENTATION_COMMENTS = YES;
				CLANG_WARN_EMPTY_BODY = YES;
				CLANG_WARN_ENUM_CONVERSION = YES;
				CLANG_WARN_INFINITE_RECURSION = YES;
				CLANG_WARN_INT_CONVERSION = YES;
				CLANG_WARN_NON_LITERAL_NULL_CONVERSION = YES;
				CLANG_WARN_OBJC_IMPLICIT_RETAIN_SELF = YES;
				CLANG_WARN_OBJC_LITERAL_CONVERSION = YES;
				CLANG_WARN_OBJC_ROOT_CLASS = YES_ERROR;
				CLANG_WARN_QUOTED_INCLUDE_IN_FRAMEWORK_HEADER = YES;
				CLANG_WARN_RANGE_LOOP_ANALYSIS = YES;
				CLANG_WARN_STRICT_PROTOTYPES = YES;
				CLANG_WARN_SUSPICIOUS_MOVE = YES;
				CLANG_WARN_UNGUARDED_AVAILABILITY = YES_AGGRESSIVE;
				CLANG_WARN_UNREACHABLE_CODE = YES;
				CLANG_WARN__DUPLICATE_METHOD_MATCH = YES;
				COPY_PHASE_STRIP = NO;
				DEBUG_INFORMATION_FORMAT = dwarf;
				ENABLE_STRICT_OBJC_MSGSEND = YES;
				ENABLE_TESTABILITY = YES;
				GCC_C_LANGUAGE_STANDARD = gnu11;
				GCC_DYNAMIC_NO_PIC = NO;
				GCC_NO_COMMON_BLOCKS = YES;
				GCC_OPTIMIZATION_LEVEL = 0;
				GCC_PREPROCESSOR_DEFINITIONS = (
					"DEBUG=1",
					"$(inherited)",
				);
				GCC_WARN_64_TO_32_BIT_CONVERSION = YES;
				GCC_WARN_ABOUT_RETURN_TYPE = YES_ERROR;
				GCC_WARN_UNDECLARED_SELECTOR = YES;
				GCC_WARN_UNINITIALIZED_AUTOS = YES_AGGRESSIVE;
				GCC_WARN_UNUSED_FUNCTION = YES;
				GCC_WARN_UNUSED_VARIABLE = YES;
				IPHONEOS_DEPLOYMENT_TARGET = 16.1;
				MTL_ENABLE_DEBUG_INFO = INCLUDE_SOURCE;
				MTL_FAST_MATH = YES;
				ONLY_ACTIVE_ARCH = YES;
				SDKROOT = iphoneos;
				SWIFT_ACTIVE_COMPILATION_CONDITIONS = DEBUG;
				SWIFT_OPTIMIZATION_LEVEL = "-Onone";
			};
			name = Debug;
		};
		CF5E678A29815B0900CB513F /* Release */ = {
			isa = XCBuildConfiguration;
			buildSettings = {
				ALWAYS_SEARCH_USER_PATHS = NO;
				CLANG_ANALYZER_NONNULL = YES;
				CLANG_ANALYZER_NUMBER_OBJECT_CONVERSION = YES_AGGRESSIVE;
				CLANG_CXX_LANGUAGE_STANDARD = "gnu++20";
				CLANG_ENABLE_MODULES = YES;
				CLANG_ENABLE_OBJC_ARC = YES;
				CLANG_ENABLE_OBJC_WEAK = YES;
				CLANG_WARN_BLOCK_CAPTURE_AUTORELEASING = YES;
				CLANG_WARN_BOOL_CONVERSION = YES;
				CLANG_WARN_COMMA = YES;
				CLANG_WARN_CONSTANT_CONVERSION = YES;
				CLANG_WARN_DEPRECATED_OBJC_IMPLEMENTATIONS = YES;
				CLANG_WARN_DIRECT_OBJC_ISA_USAGE = YES_ERROR;
				CLANG_WARN_DOCUMENTATION_COMMENTS = YES;
				CLANG_WARN_EMPTY_BODY = YES;
				CLANG_WARN_ENUM_CONVERSION = YES;
				CLANG_WARN_INFINITE_RECURSION = YES;
				CLANG_WARN_INT_CONVERSION = YES;
				CLANG_WARN_NON_LITERAL_NULL_CONVERSION = YES;
				CLANG_WARN_OBJC_IMPLICIT_RETAIN_SELF = YES;
				CLANG_WARN_OBJC_LITERAL_CONVERSION = YES;
				CLANG_WARN_OBJC_ROOT_CLASS = YES_ERROR;
				CLANG_WARN_QUOTED_INCLUDE_IN_FRAMEWORK_HEADER = YES;
				CLANG_WARN_RANGE_LOOP_ANALYSIS = YES;
				CLANG_WARN_STRICT_PROTOTYPES = YES;
				CLANG_WARN_SUSPICIOUS_MOVE = YES;
				CLANG_WARN_UNGUARDED_AVAILABILITY = YES_AGGRESSIVE;
				CLANG_WARN_UNREACHABLE_CODE = YES;
				CLANG_WARN__DUPLICATE_METHOD_MATCH = YES;
				COPY_PHASE_STRIP = NO;
				DEBUG_INFORMATION_FORMAT = "dwarf-with-dsym";
				ENABLE_NS_ASSERTIONS = NO;
				ENABLE_STRICT_OBJC_MSGSEND = YES;
				GCC_C_LANGUAGE_STANDARD = gnu11;
				GCC_NO_COMMON_BLOCKS = YES;
				GCC_WARN_64_TO_32_BIT_CONVERSION = YES;
				GCC_WARN_ABOUT_RETURN_TYPE = YES_ERROR;
				GCC_WARN_UNDECLARED_SELECTOR = YES;
				GCC_WARN_UNINITIALIZED_AUTOS = YES_AGGRESSIVE;
				GCC_WARN_UNUSED_FUNCTION = YES;
				GCC_WARN_UNUSED_VARIABLE = YES;
				IPHONEOS_DEPLOYMENT_TARGET = 16.1;
				MTL_ENABLE_DEBUG_INFO = NO;
				MTL_FAST_MATH = YES;
				SDKROOT = iphoneos;
				SWIFT_COMPILATION_MODE = wholemodule;
				SWIFT_OPTIMIZATION_LEVEL = "-O";
				VALIDATE_PRODUCT = YES;
			};
			name = Release;
		};
		CF5E678C29815B0900CB513F /* Debug */ = {
			isa = XCBuildConfiguration;
			buildSettings = {
				ASSETCATALOG_COMPILER_APPICON_NAME = AppIcon;
				ASSETCATALOG_COMPILER_GLOBAL_ACCENT_COLOR_NAME = AccentColor;
				CODE_SIGN_STYLE = Automatic;
				CURRENT_PROJECT_VERSION = 1;
				GENERATE_INFOPLIST_FILE = YES;
				INFOPLIST_FILE = "(6) increse hight cell/Info.plist";
				INFOPLIST_KEY_UIApplicationSupportsIndirectInputEvents = YES;
				INFOPLIST_KEY_UILaunchStoryboardName = LaunchScreen;
				INFOPLIST_KEY_UIMainStoryboardFile = Main;
				INFOPLIST_KEY_UISupportedInterfaceOrientations_iPad = "UIInterfaceOrientationPortrait UIInterfaceOrientationPortraitUpsideDown UIInterfaceOrientationLandscapeLeft UIInterfaceOrientationLandscapeRight";
				INFOPLIST_KEY_UISupportedInterfaceOrientations_iPhone = "UIInterfaceOrientationPortrait UIInterfaceOrientationLandscapeLeft UIInterfaceOrientationLandscapeRight";
				LD_RUNPATH_SEARCH_PATHS = (
					"$(inherited)",
					"@executable_path/Frameworks",
				);
				MARKETING_VERSION = 1.0;
				PRODUCT_BUNDLE_IDENTIFIER = "login.-6--increse-hight-cell";
				PRODUCT_NAME = "$(TARGET_NAME)";
				SWIFT_EMIT_LOC_STRINGS = YES;
				SWIFT_VERSION = 5.0;
				TARGETED_DEVICE_FAMILY = "1,2";
			};
			name = Debug;
		};
		CF5E678D29815B0900CB513F /* Release */ = {
			isa = XCBuildConfiguration;
			buildSettings = {
				ASSETCATALOG_COMPILER_APPICON_NAME = AppIcon;
				ASSETCATALOG_COMPILER_GLOBAL_ACCENT_COLOR_NAME = AccentColor;
				CODE_SIGN_STYLE = Automatic;
				CURRENT_PROJECT_VERSION = 1;
				GENERATE_INFOPLIST_FILE = YES;
				INFOPLIST_FILE = "(6) increse hight cell/Info.plist";
				INFOPLIST_KEY_UIApplicationSupportsIndirectInputEvents = YES;
				INFOPLIST_KEY_UILaunchStoryboardName = LaunchScreen;
				INFOPLIST_KEY_UIMainStoryboardFile = Main;
				INFOPLIST_KEY_UISupportedInterfaceOrientations_iPad = "UIInterfaceOrientationPortrait UIInterfaceOrientationPortraitUpsideDown UIInterfaceOrientationLandscapeLeft UIInterfaceOrientationLandscapeRight";
				INFOPLIST_KEY_UISupportedInterfaceOrientations_iPhone = "UIInterfaceOrientationPortrait UIInterfaceOrientationLandscapeLeft UIInterfaceOrientationLandscapeRight";
				LD_RUNPATH_SEARCH_PATHS = (
					"$(inherited)",
					"@executable_path/Frameworks",
				);
				MARKETING_VERSION = 1.0;
				PRODUCT_BUNDLE_IDENTIFIER = "login.-6--increse-hight-cell";
				PRODUCT_NAME = "$(TARGET_NAME)";
				SWIFT_EMIT_LOC_STRINGS = YES;
				SWIFT_VERSION = 5.0;
				TARGETED_DEVICE_FAMILY = "1,2";
			};
			name = Release;
		};
/* End XCBuildConfiguration section */

/* Begin XCConfigurationList section */
		CF5E677229815B0500CB513F /* Build configuration list for PBXProject "(6) increse hight cell" */ = {
			isa = XCConfigurationList;
			buildConfigurations = (
				CF5E678929815B0900CB513F /* Debug */,
				CF5E678A29815B0900CB513F /* Release */,
			);
			defaultConfigurationIsVisible = 0;
			defaultConfigurationName = Release;
		};
		CF5E678B29815B0900CB513F /* Build configuration list for PBXNativeTarget "(6) increse hight cell" */ = {
			isa = XCConfigurationList;
			buildConfigurations = (
				CF5E678C29815B0900CB513F /* Debug */,
				CF5E678D29815B0900CB513F /* Release */,
			);
			defaultConfigurationIsVisible = 0;
			defaultConfigurationName = Release;
		};
/* End XCConfigurationList section */
	};
	rootObject = CF5E676F29815B0500CB513F /* Project object */;
}
