// !$*UTF8*$!
{
	archiveVersion = 1;
	classes = {
	};
	objectVersion = 56;
	objects = {

/* Begin PBXBuildFile section */
		CF19C3BB299CA129000B3CA7 /* AppDelegate.swift in Sources */ = {isa = PBXBuildFile; fileRef = CF19C3BA299CA129000B3CA7 /* AppDelegate.swift */; };
		CF19C3BD299CA129000B3CA7 /* SceneDelegate.swift in Sources */ = {isa = PBXBuildFile; fileRef = CF19C3BC299CA129000B3CA7 /* SceneDelegate.swift */; };
		CF19C3BF299CA129000B3CA7 /* ViewController.swift in Sources */ = {isa = PBXBuildFile; fileRef = CF19C3BE299CA129000B3CA7 /* ViewController.swift */; };
		CF19C3C2299CA129000B3CA7 /* Main.storyboard in Resources */ = {isa = PBXBuildFile; fileRef = CF19C3C0299CA129000B3CA7 /* Main.storyboard */; };
		CF19C3C5299CA129000B3CA7 /* coredata_app.xcdatamodeld in Sources */ = {isa = PBXBuildFile; fileRef = CF19C3C3299CA129000B3CA7 /* coredata_app.xcdatamodeld */; };
		CF19C3C7299CA133000B3CA7 /* Assets.xcassets in Resources */ = {isa = PBXBuildFile; fileRef = CF19C3C6299CA133000B3CA7 /* Assets.xcassets */; };
		CF19C3CA299CA133000B3CA7 /* LaunchScreen.storyboard in Resources */ = {isa = PBXBuildFile; fileRef = CF19C3C8299CA133000B3CA7 /* LaunchScreen.storyboard */; };
		CF4308F9299CAC3300BEAF81 /* showdataViewController.swift in Sources */ = {isa = PBXBuildFile; fileRef = CF4308F8299CAC3300BEAF81 /* showdataViewController.swift */; };
		CF4308FB299CAC4400BEAF81 /* TableViewCell.swift in Sources */ = {isa = PBXBuildFile; fileRef = CF4308FA299CAC4400BEAF81 /* TableViewCell.swift */; };
		CF4308FE299CACD900BEAF81 /* DMLopration.swift in Sources */ = {isa = PBXBuildFile; fileRef = CF4308FD299CACD900BEAF81 /* DMLopration.swift */; };
		CF53BCFE299D177F0070740D /* CoreData.framework in Frameworks */ = {isa = PBXBuildFile; fileRef = CF53BCFD299D177F0070740D /* CoreData.framework */; };
/* End PBXBuildFile section */

/* Begin PBXFileReference section */
		CF19C3B7299CA129000B3CA7 /* coredata app.app */ = {isa = PBXFileReference; explicitFileType = wrapper.application; includeInIndex = 0; path = "coredata app.app"; sourceTree = BUILT_PRODUCTS_DIR; };
		CF19C3BA299CA129000B3CA7 /* AppDelegate.swift */ = {isa = PBXFileReference; lastKnownFileType = sourcecode.swift; path = AppDelegate.swift; sourceTree = "<group>"; };
		CF19C3BC299CA129000B3CA7 /* SceneDelegate.swift */ = {isa = PBXFileReference; lastKnownFileType = sourcecode.swift; path = SceneDelegate.swift; sourceTree = "<group>"; };
		CF19C3BE299CA129000B3CA7 /* ViewController.swift */ = {isa = PBXFileReference; lastKnownFileType = sourcecode.swift; path = ViewController.swift; sourceTree = "<group>"; };
		CF19C3C1299CA129000B3CA7 /* Base */ = {isa = PBXFileReference; lastKnownFileType = file.storyboard; name = Base; path = Base.lproj/Main.storyboard; sourceTree = "<group>"; };
		CF19C3C4299CA129000B3CA7 /* coredata_app.xcdatamodel */ = {isa = PBXFileReference; lastKnownFileType = wrapper.xcdatamodel; path = coredata_app.xcdatamodel; sourceTree = "<group>"; };
		CF19C3C6299CA133000B3CA7 /* Assets.xcassets */ = {isa = PBXFileReference; lastKnownFileType = folder.assetcatalog; path = Assets.xcassets; sourceTree = "<group>"; };
		CF19C3C9299CA133000B3CA7 /* Base */ = {isa = PBXFileReference; lastKnownFileType = file.storyboard; name = Base; path = Base.lproj/LaunchScreen.storyboard; sourceTree = "<group>"; };
		CF19C3CB299CA133000B3CA7 /* Info.plist */ = {isa = PBXFileReference; lastKnownFileType = text.plist.xml; path = Info.plist; sourceTree = "<group>"; };
		CF4308F8299CAC3300BEAF81 /* showdataViewController.swift */ = {isa = PBXFileReference; lastKnownFileType = sourcecode.swift; path = showdataViewController.swift; sourceTree = "<group>"; };
		CF4308FA299CAC4400BEAF81 /* TableViewCell.swift */ = {isa = PBXFileReference; lastKnownFileType = sourcecode.swift; path = TableViewCell.swift; sourceTree = "<group>"; };
		CF4308FD299CACD900BEAF81 /* DMLopration.swift */ = {isa = PBXFileReference; lastKnownFileType = sourcecode.swift; path = DMLopration.swift; sourceTree = "<group>"; };
		CF53BCFD299D177F0070740D /* CoreData.framework */ = {isa = PBXFileReference; lastKnownFileType = wrapper.framework; name = CoreData.framework; path = System/Library/Frameworks/CoreData.framework; sourceTree = SDKROOT; };
/* End PBXFileReference section */

/* Begin PBXFrameworksBuildPhase section */
		CF19C3B4299CA129000B3CA7 /* Frameworks */ = {
			isa = PBXFrameworksBuildPhase;
			buildActionMask = 2147483647;
			files = (
				CF53BCFE299D177F0070740D /* CoreData.framework in Frameworks */,
			);
			runOnlyForDeploymentPostprocessing = 0;
		};
/* End PBXFrameworksBuildPhase section */

/* Begin PBXGroup section */
		CF19C3AE299CA129000B3CA7 = {
			isa = PBXGroup;
			children = (
				CF19C3B9299CA129000B3CA7 /* coredata app */,
				CF19C3B8299CA129000B3CA7 /* Products */,
				CF53BCFC299D177E0070740D /* Frameworks */,
			);
			sourceTree = "<group>";
		};
		CF19C3B8299CA129000B3CA7 /* Products */ = {
			isa = PBXGroup;
			children = (
				CF19C3B7299CA129000B3CA7 /* coredata app.app */,
			);
			name = Products;
			sourceTree = "<group>";
		};
		CF19C3B9299CA129000B3CA7 /* coredata app */ = {
			isa = PBXGroup;
			children = (
				CF19C3BA299CA129000B3CA7 /* AppDelegate.swift */,
				CF19C3BC299CA129000B3CA7 /* SceneDelegate.swift */,
				CF4308FC299CACBA00BEAF81 /* Moudle */,
				CF4308FF299CACE800BEAF81 /* View */,
				CF430900299CACFA00BEAF81 /* Controler */,
				CF19C3C6299CA133000B3CA7 /* Assets.xcassets */,
				CF19C3C8299CA133000B3CA7 /* LaunchScreen.storyboard */,
				CF19C3CB299CA133000B3CA7 /* Info.plist */,
				CF19C3C3299CA129000B3CA7 /* coredata_app.xcdatamodeld */,
			);
			path = "coredata app";
			sourceTree = "<group>";
		};
		CF4308FC299CACBA00BEAF81 /* Moudle */ = {
			isa = PBXGroup;
			children = (
				CF4308FD299CACD900BEAF81 /* DMLopration.swift */,
			);
			path = Moudle;
			sourceTree = "<group>";
		};
		CF4308FF299CACE800BEAF81 /* View */ = {
			isa = PBXGroup;
			children = (
				CF19C3C0299CA129000B3CA7 /* Main.storyboard */,
			);
			path = View;
			sourceTree = "<group>";
		};
		CF430900299CACFA00BEAF81 /* Controler */ = {
			isa = PBXGroup;
			children = (
				CF4308F8299CAC3300BEAF81 /* showdataViewController.swift */,
				CF4308FA299CAC4400BEAF81 /* TableViewCell.swift */,
				CF19C3BE299CA129000B3CA7 /* ViewController.swift */,
			);
			path = Controler;
			sourceTree = "<group>";
		};
		CF53BCFC299D177E0070740D /* Frameworks */ = {
			isa = PBXGroup;
			children = (
				CF53BCFD299D177F0070740D /* CoreData.framework */,
			);
			name = Frameworks;
			sourceTree = "<group>";
		};
/* End PBXGroup section */

/* Begin PBXNativeTarget section */
		CF19C3B6299CA129000B3CA7 /* coredata app */ = {
			isa = PBXNativeTarget;
			buildConfigurationList = CF19C3CE299CA133000B3CA7 /* Build configuration list for PBXNativeTarget "coredata app" */;
			buildPhases = (
				CF19C3B3299CA129000B3CA7 /* Sources */,
				CF19C3B4299CA129000B3CA7 /* Frameworks */,
				CF19C3B5299CA129000B3CA7 /* Resources */,
			);
			buildRules = (
			);
			dependencies = (
			);
			name = "coredata app";
			productName = "coredata app";
			productReference = CF19C3B7299CA129000B3CA7 /* coredata app.app */;
			productType = "com.apple.product-type.application";
		};
/* End PBXNativeTarget section */

/* Begin PBXProject section */
		CF19C3AF299CA129000B3CA7 /* Project object */ = {
			isa = PBXProject;
			attributes = {
				BuildIndependentTargetsInParallel = 1;
				LastSwiftUpdateCheck = 1410;
				LastUpgradeCheck = 1410;
				TargetAttributes = {
					CF19C3B6299CA129000B3CA7 = {
						CreatedOnToolsVersion = 14.1;
					};
				};
			};
			buildConfigurationList = CF19C3B2299CA129000B3CA7 /* Build configuration list for PBXProject "coredata app" */;
			compatibilityVersion = "Xcode 14.0";
			developmentRegion = en;
			hasScannedForEncodings = 0;
			knownRegions = (
				en,
				Base,
			);
			mainGroup = CF19C3AE299CA129000B3CA7;
			productRefGroup = CF19C3B8299CA129000B3CA7 /* Products */;
			projectDirPath = "";
			projectRoot = "";
			targets = (
				CF19C3B6299CA129000B3CA7 /* coredata app */,
			);
		};
/* End PBXProject section */

/* Begin PBXResourcesBuildPhase section */
		CF19C3B5299CA129000B3CA7 /* Resources */ = {
			isa = PBXResourcesBuildPhase;
			buildActionMask = 2147483647;
			files = (
				CF19C3CA299CA133000B3CA7 /* LaunchScreen.storyboard in Resources */,
				CF19C3C7299CA133000B3CA7 /* Assets.xcassets in Resources */,
				CF19C3C2299CA129000B3CA7 /* Main.storyboard in Resources */,
			);
			runOnlyForDeploymentPostprocessing = 0;
		};
/* End PBXResourcesBuildPhase section */

/* Begin PBXSourcesBuildPhase section */
		CF19C3B3299CA129000B3CA7 /* Sources */ = {
			isa = PBXSourcesBuildPhase;
			buildActionMask = 2147483647;
			files = (
				CF19C3C5299CA129000B3CA7 /* coredata_app.xcdatamodeld in Sources */,
				CF4308F9299CAC3300BEAF81 /* showdataViewController.swift in Sources */,
				CF19C3BF299CA129000B3CA7 /* ViewController.swift in Sources */,
				CF4308FB299CAC4400BEAF81 /* TableViewCell.swift in Sources */,
				CF19C3BB299CA129000B3CA7 /* AppDelegate.swift in Sources */,
				CF4308FE299CACD900BEAF81 /* DMLopration.swift in Sources */,
				CF19C3BD299CA129000B3CA7 /* SceneDelegate.swift in Sources */,
			);
			runOnlyForDeploymentPostprocessing = 0;
		};
/* End PBXSourcesBuildPhase section */

/* Begin PBXVariantGroup section */
		CF19C3C0299CA129000B3CA7 /* Main.storyboard */ = {
			isa = PBXVariantGroup;
			children = (
				CF19C3C1299CA129000B3CA7 /* Base */,
			);
			name = Main.storyboard;
			sourceTree = "<group>";
		};
		CF19C3C8299CA133000B3CA7 /* LaunchScreen.storyboard */ = {
			isa = PBXVariantGroup;
			children = (
				CF19C3C9299CA133000B3CA7 /* Base */,
			);
			name = LaunchScreen.storyboard;
			sourceTree = "<group>";
		};
/* End PBXVariantGroup section */

/* Begin XCBuildConfiguration section */
		CF19C3CC299CA133000B3CA7 /* Debug */ = {
			isa = XCBuildConfiguration;
			buildSettings = {
				ALWAYS_SEARCH_USER_PATHS = NO;
				CLANG_ANALYZER_NONNULL = YES;
				CLANG_ANALYZER_NUMBER_OBJECT_CONVERSION = YES_AGGRESSIVE;
				CLANG_CXX_LANGUAGE_STANDARD = "gnu++20";
				CLANG_ENABLE_MODULES = YES;
				CLANG_ENABLE_OBJC_ARC = YES;
				CLANG_ENABLE_OBJC_WEAK = YES;
				CLANG_WARN_BLOCK_CAPTURE_AUTORELEASING = YES;
				CLANG_WARN_BOOL_CONVERSION = YES;
				CLANG_WARN_COMMA = YES;
				CLANG_WARN_CONSTANT_CONVERSION = YES;
				CLANG_WARN_DEPRECATED_OBJC_IMPLEMENTATIONS = YES;
				CLANG_WARN_DIRECT_OBJC_ISA_USAGE = YES_ERROR;
				CLANG_WARN_DOCUMENTATION_COMMENTS = YES;
				CLANG_WARN_EMPTY_BODY = YES;
				CLANG_WARN_ENUM_CONVERSION = YES;
				CLANG_WARN_INFINITE_RECURSION = YES;
				CLANG_WARN_INT_CONVERSION = YES;
				CLANG_WARN_NON_LITERAL_NULL_CONVERSION = YES;
				CLANG_WARN_OBJC_IMPLICIT_RETAIN_SELF = YES;
				CLANG_WARN_OBJC_LITERAL_CONVERSION = YES;
				CLANG_WARN_OBJC_ROOT_CLASS = YES_ERROR;
				CLANG_WARN_QUOTED_INCLUDE_IN_FRAMEWORK_HEADER = YES;
				CLANG_WARN_RANGE_LOOP_ANALYSIS = YES;
				CLANG_WARN_STRICT_PROTOTYPES = YES;
				CLANG_WARN_SUSPICIOUS_MOVE = YES;
				CLANG_WARN_UNGUARDED_AVAILABILITY = YES_AGGRESSIVE;
				CLANG_WARN_UNREACHABLE_CODE = YES;
				CLANG_WARN__DUPLICATE_METHOD_MATCH = YES;
				COPY_PHASE_STRIP = NO;
				DEBUG_INFORMATION_FORMAT = dwarf;
				ENABLE_STRICT_OBJC_MSGSEND = YES;
				ENABLE_TESTABILITY = YES;
				GCC_C_LANGUAGE_STANDARD = gnu11;
				GCC_DYNAMIC_NO_PIC = NO;
				GCC_NO_COMMON_BLOCKS = YES;
				GCC_OPTIMIZATION_LEVEL = 0;
				GCC_PREPROCESSOR_DEFINITIONS = (
					"DEBUG=1",
					"$(inherited)",
				);
				GCC_WARN_64_TO_32_BIT_CONVERSION = YES;
				GCC_WARN_ABOUT_RETURN_TYPE = YES_ERROR;
				GCC_WARN_UNDECLARED_SELECTOR = YES;
				GCC_WARN_UNINITIALIZED_AUTOS = YES_AGGRESSIVE;
				GCC_WARN_UNUSED_FUNCTION = YES;
				GCC_WARN_UNUSED_VARIABLE = YES;
				IPHONEOS_DEPLOYMENT_TARGET = 16.1;
				MTL_ENABLE_DEBUG_INFO = INCLUDE_SOURCE;
				MTL_FAST_MATH = YES;
				ONLY_ACTIVE_ARCH = YES;
				SDKROOT = iphoneos;
				SWIFT_ACTIVE_COMPILATION_CONDITIONS = DEBUG;
				SWIFT_OPTIMIZATION_LEVEL = "-Onone";
			};
			name = Debug;
		};
		CF19C3CD299CA133000B3CA7 /* Release */ = {
			isa = XCBuildConfiguration;
			buildSettings = {
				ALWAYS_SEARCH_USER_PATHS = NO;
				CLANG_ANALYZER_NONNULL = YES;
				CLANG_ANALYZER_NUMBER_OBJECT_CONVERSION = YES_AGGRESSIVE;
				CLANG_CXX_LANGUAGE_STANDARD = "gnu++20";
				CLANG_ENABLE_MODULES = YES;
				CLANG_ENABLE_OBJC_ARC = YES;
				CLANG_ENABLE_OBJC_WEAK = YES;
				CLANG_WARN_BLOCK_CAPTURE_AUTORELEASING = YES;
				CLANG_WARN_BOOL_CONVERSION = YES;
				CLANG_WARN_COMMA = YES;
				CLANG_WARN_CONSTANT_CONVERSION = YES;
				CLANG_WARN_DEPRECATED_OBJC_IMPLEMENTATIONS = YES;
				CLANG_WARN_DIRECT_OBJC_ISA_USAGE = YES_ERROR;
				CLANG_WARN_DOCUMENTATION_COMMENTS = YES;
				CLANG_WARN_EMPTY_BODY = YES;
				CLANG_WARN_ENUM_CONVERSION = YES;
				CLANG_WARN_INFINITE_RECURSION = YES;
				CLANG_WARN_INT_CONVERSION = YES;
				CLANG_WARN_NON_LITERAL_NULL_CONVERSION = YES;
				CLANG_WARN_OBJC_IMPLICIT_RETAIN_SELF = YES;
				CLANG_WARN_OBJC_LITERAL_CONVERSION = YES;
				CLANG_WARN_OBJC_ROOT_CLASS = YES_ERROR;
				CLANG_WARN_QUOTED_INCLUDE_IN_FRAMEWORK_HEADER = YES;
				CLANG_WARN_RANGE_LOOP_ANALYSIS = YES;
				CLANG_WARN_STRICT_PROTOTYPES = YES;
				CLANG_WARN_SUSPICIOUS_MOVE = YES;
				CLANG_WARN_UNGUARDED_AVAILABILITY = YES_AGGRESSIVE;
				CLANG_WARN_UNREACHABLE_CODE = YES;
				CLANG_WARN__DUPLICATE_METHOD_MATCH = YES;
				COPY_PHASE_STRIP = NO;
				DEBUG_INFORMATION_FORMAT = "dwarf-with-dsym";
				ENABLE_NS_ASSERTIONS = NO;
				ENABLE_STRICT_OBJC_MSGSEND = YES;
				GCC_C_LANGUAGE_STANDARD = gnu11;
				GCC_NO_COMMON_BLOCKS = YES;
				GCC_WARN_64_TO_32_BIT_CONVERSION = YES;
				GCC_WARN_ABOUT_RETURN_TYPE = YES_ERROR;
				GCC_WARN_UNDECLARED_SELECTOR = YES;
				GCC_WARN_UNINITIALIZED_AUTOS = YES_AGGRESSIVE;
				GCC_WARN_UNUSED_FUNCTION = YES;
				GCC_WARN_UNUSED_VARIABLE = YES;
				IPHONEOS_DEPLOYMENT_TARGET = 16.1;
				MTL_ENABLE_DEBUG_INFO = NO;
				MTL_FAST_MATH = YES;
				SDKROOT = iphoneos;
				SWIFT_COMPILATION_MODE = wholemodule;
				SWIFT_OPTIMIZATION_LEVEL = "-O";
				VALIDATE_PRODUCT = YES;
			};
			name = Release;
		};
		CF19C3CF299CA133000B3CA7 /* Debug */ = {
			isa = XCBuildConfiguration;
			buildSettings = {
				ASSETCATALOG_COMPILER_APPICON_NAME = AppIcon;
				ASSETCATALOG_COMPILER_GLOBAL_ACCENT_COLOR_NAME = AccentColor;
				CODE_SIGN_STYLE = Automatic;
				CURRENT_PROJECT_VERSION = 1;
				GENERATE_INFOPLIST_FILE = YES;
				INFOPLIST_FILE = "coredata app/Info.plist";
				INFOPLIST_KEY_UIApplicationSupportsIndirectInputEvents = YES;
				INFOPLIST_KEY_UILaunchStoryboardName = LaunchScreen;
				INFOPLIST_KEY_UIMainStoryboardFile = Main;
				INFOPLIST_KEY_UISupportedInterfaceOrientations_iPad = "UIInterfaceOrientationPortrait UIInterfaceOrientationPortraitUpsideDown UIInterfaceOrientationLandscapeLeft UIInterfaceOrientationLandscapeRight";
				INFOPLIST_KEY_UISupportedInterfaceOrientations_iPhone = "UIInterfaceOrientationPortrait UIInterfaceOrientationLandscapeLeft UIInterfaceOrientationLandscapeRight";
				LD_RUNPATH_SEARCH_PATHS = (
					"$(inherited)",
					"@executable_path/Frameworks",
				);
				MARKETING_VERSION = 1.0;
				PRODUCT_BUNDLE_IDENTIFIER = "login.coredata-app";
				PRODUCT_NAME = "$(TARGET_NAME)";
				SWIFT_EMIT_LOC_STRINGS = YES;
				SWIFT_VERSION = 5.0;
				TARGETED_DEVICE_FAMILY = "1,2";
			};
			name = Debug;
		};
		CF19C3D0299CA133000B3CA7 /* Release */ = {
			isa = XCBuildConfiguration;
			buildSettings = {
				ASSETCATALOG_COMPILER_APPICON_NAME = AppIcon;
				ASSETCATALOG_COMPILER_GLOBAL_ACCENT_COLOR_NAME = AccentColor;
				CODE_SIGN_STYLE = Automatic;
				CURRENT_PROJECT_VERSION = 1;
				GENERATE_INFOPLIST_FILE = YES;
				INFOPLIST_FILE = "coredata app/Info.plist";
				INFOPLIST_KEY_UIApplicationSupportsIndirectInputEvents = YES;
				INFOPLIST_KEY_UILaunchStoryboardName = LaunchScreen;
				INFOPLIST_KEY_UIMainStoryboardFile = Main;
				INFOPLIST_KEY_UISupportedInterfaceOrientations_iPad = "UIInterfaceOrientationPortrait UIInterfaceOrientationPortraitUpsideDown UIInterfaceOrientationLandscapeLeft UIInterfaceOrientationLandscapeRight";
				INFOPLIST_KEY_UISupportedInterfaceOrientations_iPhone = "UIInterfaceOrientationPortrait UIInterfaceOrientationLandscapeLeft UIInterfaceOrientationLandscapeRight";
				LD_RUNPATH_SEARCH_PATHS = (
					"$(inherited)",
					"@executable_path/Frameworks",
				);
				MARKETING_VERSION = 1.0;
				PRODUCT_BUNDLE_IDENTIFIER = "login.coredata-app";
				PRODUCT_NAME = "$(TARGET_NAME)";
				SWIFT_EMIT_LOC_STRINGS = YES;
				SWIFT_VERSION = 5.0;
				TARGETED_DEVICE_FAMILY = "1,2";
			};
			name = Release;
		};
/* End XCBuildConfiguration section */

/* Begin XCConfigurationList section */
		CF19C3B2299CA129000B3CA7 /* Build configuration list for PBXProject "coredata app" */ = {
			isa = XCConfigurationList;
			buildConfigurations = (
				CF19C3CC299CA133000B3CA7 /* Debug */,
				CF19C3CD299CA133000B3CA7 /* Release */,
			);
			defaultConfigurationIsVisible = 0;
			defaultConfigurationName = Release;
		};
		CF19C3CE299CA133000B3CA7 /* Build configuration list for PBXNativeTarget "coredata app" */ = {
			isa = XCConfigurationList;
			buildConfigurations = (
				CF19C3CF299CA133000B3CA7 /* Debug */,
				CF19C3D0299CA133000B3CA7 /* Release */,
			);
			defaultConfigurationIsVisible = 0;
			defaultConfigurationName = Release;
		};
/* End XCConfigurationList section */

/* Begin XCVersionGroup section */
		CF19C3C3299CA129000B3CA7 /* coredata_app.xcdatamodeld */ = {
			isa = XCVersionGroup;
			children = (
				CF19C3C4299CA129000B3CA7 /* coredata_app.xcdatamodel */,
			);
			currentVersion = CF19C3C4299CA129000B3CA7 /* coredata_app.xcdatamodel */;
			path = coredata_app.xcdatamodeld;
			sourceTree = "<group>";
			versionGroupType = wrapper.xcdatamodel;
		};
/* End XCVersionGroup section */
	};
	rootObject = CF19C3AF299CA129000B3CA7 /* Project object */;
}
